// !$*UTF8*$!
{
	archiveVersion = 1;
	classes = {
	};
	objectVersion = 56;
	objects = {

/* Begin PBXBuildFile section */
		AD0ECD782B39656800BA20B3 /* num.co in Sources */ = {isa = PBXBuildFile; fileRef = AD0ECD772B39656800BA20B3 /* num.co */; };
		AD0F9A922B10C21900BA198B /* CBValue.cpp in Sources */ = {isa = PBXBuildFile; fileRef = AD0F9A902B10C21900BA198B /* CBValue.cpp */; };
		AD14CF6C2B08BABA00137FDC /* main.cpp in Sources */ = {isa = PBXBuildFile; fileRef = AD14CF6B2B08BABA00137FDC /* main.cpp */; };
		AD14CF7E2B08BADB00137FDC /* Interpreter.cpp in Sources */ = {isa = PBXBuildFile; fileRef = AD14CF742B08BADB00137FDC /* Interpreter.cpp */; };
		AD14CF7F2B08BADB00137FDC /* Lexer.cpp in Sources */ = {isa = PBXBuildFile; fileRef = AD14CF772B08BADB00137FDC /* Lexer.cpp */; };
		AD14CF802B08BADB00137FDC /* Paser.cpp in Sources */ = {isa = PBXBuildFile; fileRef = AD14CF792B08BADB00137FDC /* Paser.cpp */; };
		AD14CF812B08BADB00137FDC /* GC.cpp in Sources */ = {isa = PBXBuildFile; fileRef = AD14CF7B2B08BADB00137FDC /* GC.cpp */; };
		AD14CF822B08BADB00137FDC /* VM.cpp in Sources */ = {isa = PBXBuildFile; fileRef = AD14CF7C2B08BADB00137FDC /* VM.cpp */; };
		AD2207102B1B1F26007ED860 /* CBObject.cpp in Sources */ = {isa = PBXBuildFile; fileRef = AD22070E2B1B1F26007ED860 /* CBObject.cpp */; };
		AD2207162B1B269C007ED860 /* CBFunction.cpp in Sources */ = {isa = PBXBuildFile; fileRef = AD2207142B1B269C007ED860 /* CBFunction.cpp */; };
		AD2207192B1B26AA007ED860 /* CBString.cpp in Sources */ = {isa = PBXBuildFile; fileRef = AD2207172B1B26AA007ED860 /* CBString.cpp */; };
		AD22071D2B1B29D6007ED860 /* PrimitiveBox.cpp in Sources */ = {isa = PBXBuildFile; fileRef = AD22071B2B1B29D6007ED860 /* PrimitiveBox.cpp */; };
		AD2207202B1B2DAD007ED860 /* Runtime.cpp in Sources */ = {isa = PBXBuildFile; fileRef = AD22071E2B1B2DAD007ED860 /* Runtime.cpp */; };
		AD2207232B1C39B6007ED860 /* GCCell.cpp in Sources */ = {isa = PBXBuildFile; fileRef = AD2207212B1C39B6007ED860 /* GCCell.cpp */; };
		AD2207262B1DD3B1007ED860 /* String.cpp in Sources */ = {isa = PBXBuildFile; fileRef = AD2207242B1DD3B1007ED860 /* String.cpp */; };
		AD2207292B1DD7E2007ED860 /* CodeBlock.cpp in Sources */ = {isa = PBXBuildFile; fileRef = AD2207272B1DD7E2007ED860 /* CodeBlock.cpp */; };
		AD22072C2B1DE350007ED860 /* ASTBuilder.cpp in Sources */ = {isa = PBXBuildFile; fileRef = AD22072A2B1DE350007ED860 /* ASTBuilder.cpp */; };
		AD2207302B1DF32F007ED860 /* Tree.cpp in Sources */ = {isa = PBXBuildFile; fileRef = AD22072E2B1DF32F007ED860 /* Tree.cpp */; };
		AD2207332B1F8DB2007ED860 /* ASTVisitor.cpp in Sources */ = {isa = PBXBuildFile; fileRef = AD2207312B1F8DB2007ED860 /* ASTVisitor.cpp */; };
		AD4DE9902B3C2B7500C4770B /* Instrs.cpp in Sources */ = {isa = PBXBuildFile; fileRef = AD4DE98E2B3C2B7500C4770B /* Instrs.cpp */; };
		AD4DE9932B3C391400C4770B /* IRBuilder.cpp in Sources */ = {isa = PBXBuildFile; fileRef = AD4DE9912B3C391400C4770B /* IRBuilder.cpp */; };
		AD4DE9962B3C392100C4770B /* IRGen.cpp in Sources */ = {isa = PBXBuildFile; fileRef = AD4DE9942B3C392100C4770B /* IRGen.cpp */; };
		AD4DE99A2B428B6400C4770B /* Scope.cpp in Sources */ = {isa = PBXBuildFile; fileRef = AD4DE9982B428B6400C4770B /* Scope.cpp */; };
		ADF0E64A2B3BC2D600E34609 /* IR.cpp in Sources */ = {isa = PBXBuildFile; fileRef = ADF0E6482B3BC2D600E34609 /* IR.cpp */; };
/* End PBXBuildFile section */

/* Begin PBXCopyFilesBuildPhase section */
		AD14CF662B08BABA00137FDC /* CopyFiles */ = {
			isa = PBXCopyFilesBuildPhase;
			buildActionMask = 2147483647;
			dstPath = /usr/share/man/man1/;
			dstSubfolderSpec = 0;
			files = (
			);
			runOnlyForDeploymentPostprocessing = 1;
		};
/* End PBXCopyFilesBuildPhase section */

/* Begin PBXFileReference section */
		AD0ECD772B39656800BA20B3 /* num.co */ = {isa = PBXFileReference; lastKnownFileType = text; path = num.co; sourceTree = "<group>"; };
		AD0F9A8F2B10A3DA00BA198B /* fibonacci.co */ = {isa = PBXFileReference; fileEncoding = 4; lastKnownFileType = text; path = fibonacci.co; sourceTree = "<group>"; };
		AD0F9A902B10C21900BA198B /* CBValue.cpp */ = {isa = PBXFileReference; lastKnownFileType = sourcecode.cpp.cpp; path = CBValue.cpp; sourceTree = "<group>"; };
		AD0F9A912B10C21900BA198B /* CBValue.hpp */ = {isa = PBXFileReference; lastKnownFileType = sourcecode.cpp.h; path = CBValue.hpp; sourceTree = "<group>"; };
		AD14CF682B08BABA00137FDC /* cobra */ = {isa = PBXFileReference; explicitFileType = "compiled.mach-o.executable"; includeInIndex = 0; path = cobra; sourceTree = BUILT_PRODUCTS_DIR; };
		AD14CF6B2B08BABA00137FDC /* main.cpp */ = {isa = PBXFileReference; lastKnownFileType = sourcecode.cpp.cpp; path = main.cpp; sourceTree = "<group>"; };
		AD14CF732B08BADB00137FDC /* VM.hpp */ = {isa = PBXFileReference; fileEncoding = 4; lastKnownFileType = sourcecode.cpp.h; path = VM.hpp; sourceTree = "<group>"; };
		AD14CF742B08BADB00137FDC /* Interpreter.cpp */ = {isa = PBXFileReference; fileEncoding = 4; lastKnownFileType = sourcecode.cpp.cpp; path = Interpreter.cpp; sourceTree = "<group>"; };
		AD14CF752B08BADB00137FDC /* SMLoc.hpp */ = {isa = PBXFileReference; fileEncoding = 4; lastKnownFileType = sourcecode.cpp.h; path = SMLoc.hpp; sourceTree = "<group>"; };
		AD14CF762B08BADB00137FDC /* Paser.hpp */ = {isa = PBXFileReference; fileEncoding = 4; lastKnownFileType = sourcecode.cpp.h; path = Paser.hpp; sourceTree = "<group>"; };
		AD14CF772B08BADB00137FDC /* Lexer.cpp */ = {isa = PBXFileReference; fileEncoding = 4; lastKnownFileType = sourcecode.cpp.cpp; path = Lexer.cpp; sourceTree = "<group>"; };
		AD14CF782B08BADB00137FDC /* GC.hpp */ = {isa = PBXFileReference; fileEncoding = 4; lastKnownFileType = sourcecode.cpp.h; path = GC.hpp; sourceTree = "<group>"; };
		AD14CF792B08BADB00137FDC /* Paser.cpp */ = {isa = PBXFileReference; fileEncoding = 4; lastKnownFileType = sourcecode.cpp.cpp; path = Paser.cpp; sourceTree = "<group>"; };
		AD14CF7A2B08BADB00137FDC /* Lexer.hpp */ = {isa = PBXFileReference; fileEncoding = 4; lastKnownFileType = sourcecode.cpp.h; path = Lexer.hpp; sourceTree = "<group>"; };
		AD14CF7B2B08BADB00137FDC /* GC.cpp */ = {isa = PBXFileReference; fileEncoding = 4; lastKnownFileType = sourcecode.cpp.cpp; path = GC.cpp; sourceTree = "<group>"; };
		AD14CF7C2B08BADB00137FDC /* VM.cpp */ = {isa = PBXFileReference; fileEncoding = 4; lastKnownFileType = sourcecode.cpp.cpp; path = VM.cpp; sourceTree = "<group>"; };
		AD14CF7D2B08BADB00137FDC /* Interpreter.hpp */ = {isa = PBXFileReference; fileEncoding = 4; lastKnownFileType = sourcecode.cpp.h; path = Interpreter.hpp; sourceTree = "<group>"; };
		AD22070E2B1B1F26007ED860 /* CBObject.cpp */ = {isa = PBXFileReference; lastKnownFileType = sourcecode.cpp.cpp; path = CBObject.cpp; sourceTree = "<group>"; };
		AD22070F2B1B1F26007ED860 /* CBObject.hpp */ = {isa = PBXFileReference; lastKnownFileType = sourcecode.cpp.h; path = CBObject.hpp; sourceTree = "<group>"; };
		AD2207122B1B1F88007ED860 /* Allocator.hpp */ = {isa = PBXFileReference; lastKnownFileType = sourcecode.cpp.h; path = Allocator.hpp; sourceTree = "<group>"; };
		AD2207142B1B269C007ED860 /* CBFunction.cpp */ = {isa = PBXFileReference; lastKnownFileType = sourcecode.cpp.cpp; path = CBFunction.cpp; sourceTree = "<group>"; };
		AD2207152B1B269C007ED860 /* CBFunction.hpp */ = {isa = PBXFileReference; lastKnownFileType = sourcecode.cpp.h; path = CBFunction.hpp; sourceTree = "<group>"; };
		AD2207172B1B26AA007ED860 /* CBString.cpp */ = {isa = PBXFileReference; lastKnownFileType = sourcecode.cpp.cpp; path = CBString.cpp; sourceTree = "<group>"; };
		AD22071B2B1B29D6007ED860 /* PrimitiveBox.cpp */ = {isa = PBXFileReference; lastKnownFileType = sourcecode.cpp.cpp; path = PrimitiveBox.cpp; sourceTree = "<group>"; };
		AD22071C2B1B29D6007ED860 /* PrimitiveBox.hpp */ = {isa = PBXFileReference; lastKnownFileType = sourcecode.cpp.h; path = PrimitiveBox.hpp; sourceTree = "<group>"; };
		AD22071E2B1B2DAD007ED860 /* Runtime.cpp */ = {isa = PBXFileReference; lastKnownFileType = sourcecode.cpp.cpp; path = Runtime.cpp; sourceTree = "<group>"; };
		AD22071F2B1B2DAD007ED860 /* Runtime.hpp */ = {isa = PBXFileReference; lastKnownFileType = sourcecode.cpp.h; path = Runtime.hpp; sourceTree = "<group>"; };
		AD2207212B1C39B6007ED860 /* GCCell.cpp */ = {isa = PBXFileReference; lastKnownFileType = sourcecode.cpp.cpp; path = GCCell.cpp; sourceTree = "<group>"; };
		AD2207222B1C39B6007ED860 /* GCCell.hpp */ = {isa = PBXFileReference; lastKnownFileType = sourcecode.cpp.h; path = GCCell.hpp; sourceTree = "<group>"; };
		AD2207242B1DD3B1007ED860 /* String.cpp */ = {isa = PBXFileReference; lastKnownFileType = sourcecode.cpp.cpp; path = String.cpp; sourceTree = "<group>"; };
		AD2207252B1DD3B1007ED860 /* String.hpp */ = {isa = PBXFileReference; lastKnownFileType = sourcecode.cpp.h; path = String.hpp; sourceTree = "<group>"; };
		AD2207272B1DD7E2007ED860 /* CodeBlock.cpp */ = {isa = PBXFileReference; lastKnownFileType = sourcecode.cpp.cpp; path = CodeBlock.cpp; sourceTree = "<group>"; };
		AD2207282B1DD7E2007ED860 /* CodeBlock.hpp */ = {isa = PBXFileReference; lastKnownFileType = sourcecode.cpp.h; path = CodeBlock.hpp; sourceTree = "<group>"; };
		AD22072A2B1DE350007ED860 /* ASTBuilder.cpp */ = {isa = PBXFileReference; lastKnownFileType = sourcecode.cpp.cpp; path = ASTBuilder.cpp; sourceTree = "<group>"; };
		AD22072B2B1DE350007ED860 /* ASTBuilder.hpp */ = {isa = PBXFileReference; lastKnownFileType = sourcecode.cpp.h; path = ASTBuilder.hpp; sourceTree = "<group>"; };
		AD22072E2B1DF32F007ED860 /* Tree.cpp */ = {isa = PBXFileReference; lastKnownFileType = sourcecode.cpp.cpp; path = Tree.cpp; sourceTree = "<group>"; };
		AD22072F2B1DF32F007ED860 /* Tree.hpp */ = {isa = PBXFileReference; lastKnownFileType = sourcecode.cpp.h; path = Tree.hpp; sourceTree = "<group>"; };
		AD2207312B1F8DB2007ED860 /* ASTVisitor.cpp */ = {isa = PBXFileReference; lastKnownFileType = sourcecode.cpp.cpp; path = ASTVisitor.cpp; sourceTree = "<group>"; };
		AD2207322B1F8DB2007ED860 /* ASTVisitor.hpp */ = {isa = PBXFileReference; lastKnownFileType = sourcecode.cpp.h; path = ASTVisitor.hpp; sourceTree = "<group>"; };
		AD2207362B2981AF007ED860 /* Context.hpp */ = {isa = PBXFileReference; lastKnownFileType = sourcecode.cpp.h; path = Context.hpp; sourceTree = "<group>"; };
		AD22074D2B2D6DAF007ED860 /* TokenKinds.def */ = {isa = PBXFileReference; fileEncoding = 4; lastKnownFileType = text; path = TokenKinds.def; sourceTree = "<group>"; };
		AD4DE98E2B3C2B7500C4770B /* Instrs.cpp */ = {isa = PBXFileReference; lastKnownFileType = sourcecode.cpp.cpp; path = Instrs.cpp; sourceTree = "<group>"; };
		AD4DE98F2B3C2B7500C4770B /* Instrs.hpp */ = {isa = PBXFileReference; lastKnownFileType = sourcecode.cpp.h; path = Instrs.hpp; sourceTree = "<group>"; };
		AD4DE9912B3C391400C4770B /* IRBuilder.cpp */ = {isa = PBXFileReference; lastKnownFileType = sourcecode.cpp.cpp; path = IRBuilder.cpp; sourceTree = "<group>"; };
		AD4DE9922B3C391400C4770B /* IRBuilder.hpp */ = {isa = PBXFileReference; lastKnownFileType = sourcecode.cpp.h; path = IRBuilder.hpp; sourceTree = "<group>"; };
		AD4DE9942B3C392100C4770B /* IRGen.cpp */ = {isa = PBXFileReference; lastKnownFileType = sourcecode.cpp.cpp; path = IRGen.cpp; sourceTree = "<group>"; };
		AD4DE9952B3C392100C4770B /* IRGen.hpp */ = {isa = PBXFileReference; lastKnownFileType = sourcecode.cpp.h; path = IRGen.hpp; sourceTree = "<group>"; };
		AD4DE9972B3ECACF00C4770B /* Instrs.def */ = {isa = PBXFileReference; fileEncoding = 4; lastKnownFileType = text; path = Instrs.def; sourceTree = "<group>"; };
		AD4DE9982B428B6400C4770B /* Scope.cpp */ = {isa = PBXFileReference; lastKnownFileType = sourcecode.cpp.cpp; path = Scope.cpp; sourceTree = "<group>"; };
		AD4DE9992B428B6400C4770B /* Scope.hpp */ = {isa = PBXFileReference; lastKnownFileType = sourcecode.cpp.h; path = Scope.hpp; sourceTree = "<group>"; };
		AD4DE99C2B44252B00C4770B /* ValueKinds.def */ = {isa = PBXFileReference; fileEncoding = 4; lastKnownFileType = text; path = ValueKinds.def; sourceTree = "<group>"; };
		ADF0E6482B3BC2D600E34609 /* IR.cpp */ = {isa = PBXFileReference; lastKnownFileType = sourcecode.cpp.cpp; path = IR.cpp; sourceTree = "<group>"; };
		ADF0E6492B3BC2D600E34609 /* IR.hpp */ = {isa = PBXFileReference; lastKnownFileType = sourcecode.cpp.h; path = IR.hpp; sourceTree = "<group>"; };
/* End PBXFileReference section */

/* Begin PBXFrameworksBuildPhase section */
		AD14CF652B08BABA00137FDC /* Frameworks */ = {
			isa = PBXFrameworksBuildPhase;
			buildActionMask = 2147483647;
			files = (
			);
			runOnlyForDeploymentPostprocessing = 0;
		};
/* End PBXFrameworksBuildPhase section */

/* Begin PBXGroup section */
		AD0F9A8D2B10A3DA00BA198B /* test */ = {
			isa = PBXGroup;
			children = (
				AD0F9A8F2B10A3DA00BA198B /* fibonacci.co */,
				AD0ECD772B39656800BA20B3 /* num.co */,
			);
			path = test;
			sourceTree = "<group>";
		};
		AD14CF5F2B08BABA00137FDC = {
			isa = PBXGroup;
			children = (
				AD14CF6A2B08BABA00137FDC /* cobra */,
				AD14CF692B08BABA00137FDC /* Products */,
			);
			sourceTree = "<group>";
		};
		AD14CF692B08BABA00137FDC /* Products */ = {
			isa = PBXGroup;
			children = (
				AD14CF682B08BABA00137FDC /* cobra */,
			);
			name = Products;
			sourceTree = "<group>";
		};
		AD14CF6A2B08BABA00137FDC /* cobra */ = {
			isa = PBXGroup;
			children = (
				AD0F9A8D2B10A3DA00BA198B /* test */,
				ADF0E64B2B3BC5E700E34609 /* LLVM */,
				ADF0E6472B3BC2B000E34609 /* Frontend */,
				AD22072D2B1DE42F007ED860 /* AST */,
				AD22071A2B1B2743007ED860 /* VMRuntime */,
				AD14CF722B08BADB00137FDC /* Parser */,
				AD14CF6B2B08BABA00137FDC /* main.cpp */,
			);
			path = cobra;
			sourceTree = "<group>";
		};
		AD14CF722B08BADB00137FDC /* Parser */ = {
			isa = PBXGroup;
			children = (
				AD14CF772B08BADB00137FDC /* Lexer.cpp */,
				AD14CF7A2B08BADB00137FDC /* Lexer.hpp */,
				AD14CF792B08BADB00137FDC /* Paser.cpp */,
				AD14CF762B08BADB00137FDC /* Paser.hpp */,
				AD14CF752B08BADB00137FDC /* SMLoc.hpp */,
				AD2207122B1B1F88007ED860 /* Allocator.hpp */,
				AD22074D2B2D6DAF007ED860 /* TokenKinds.def */,
			);
			path = Parser;
			sourceTree = "<group>";
		};
		AD22071A2B1B2743007ED860 /* VMRuntime */ = {
			isa = PBXGroup;
			children = (
				AD14CF7C2B08BADB00137FDC /* VM.cpp */,
				AD14CF732B08BADB00137FDC /* VM.hpp */,
				AD14CF7B2B08BADB00137FDC /* GC.cpp */,
				AD14CF782B08BADB00137FDC /* GC.hpp */,
				AD0F9A902B10C21900BA198B /* CBValue.cpp */,
				AD0F9A912B10C21900BA198B /* CBValue.hpp */,
				AD2207142B1B269C007ED860 /* CBFunction.cpp */,
				AD2207152B1B269C007ED860 /* CBFunction.hpp */,
				AD2207172B1B26AA007ED860 /* CBString.cpp */,
				AD22070E2B1B1F26007ED860 /* CBObject.cpp */,
				AD22070F2B1B1F26007ED860 /* CBObject.hpp */,
				AD2207212B1C39B6007ED860 /* GCCell.cpp */,
				AD2207222B1C39B6007ED860 /* GCCell.hpp */,
				AD22071B2B1B29D6007ED860 /* PrimitiveBox.cpp */,
				AD22071C2B1B29D6007ED860 /* PrimitiveBox.hpp */,
				AD14CF7D2B08BADB00137FDC /* Interpreter.hpp */,
				AD14CF742B08BADB00137FDC /* Interpreter.cpp */,
				AD22071E2B1B2DAD007ED860 /* Runtime.cpp */,
				AD22071F2B1B2DAD007ED860 /* Runtime.hpp */,
				AD2207242B1DD3B1007ED860 /* String.cpp */,
				AD2207252B1DD3B1007ED860 /* String.hpp */,
				AD2207272B1DD7E2007ED860 /* CodeBlock.cpp */,
				AD2207282B1DD7E2007ED860 /* CodeBlock.hpp */,
				AD2207362B2981AF007ED860 /* Context.hpp */,
			);
			path = VMRuntime;
			sourceTree = "<group>";
		};
		AD22072D2B1DE42F007ED860 /* AST */ = {
			isa = PBXGroup;
			children = (
				AD22072A2B1DE350007ED860 /* ASTBuilder.cpp */,
				AD22072B2B1DE350007ED860 /* ASTBuilder.hpp */,
				AD2207312B1F8DB2007ED860 /* ASTVisitor.cpp */,
				AD2207322B1F8DB2007ED860 /* ASTVisitor.hpp */,
				AD22072E2B1DF32F007ED860 /* Tree.cpp */,
				AD22072F2B1DF32F007ED860 /* Tree.hpp */,
			);
			path = AST;
			sourceTree = "<group>";
		};
		ADF0E6472B3BC2B000E34609 /* Frontend */ = {
			isa = PBXGroup;
			children = (
				ADF0E6482B3BC2D600E34609 /* IR.cpp */,
				ADF0E6492B3BC2D600E34609 /* IR.hpp */,
				AD4DE9982B428B6400C4770B /* Scope.cpp */,
				AD4DE99C2B44252B00C4770B /* ValueKinds.def */,
				AD4DE9992B428B6400C4770B /* Scope.hpp */,
				AD4DE98E2B3C2B7500C4770B /* Instrs.cpp */,
				AD4DE98F2B3C2B7500C4770B /* Instrs.hpp */,
				AD4DE9972B3ECACF00C4770B /* Instrs.def */,
				AD4DE9912B3C391400C4770B /* IRBuilder.cpp */,
				AD4DE9922B3C391400C4770B /* IRBuilder.hpp */,
				AD4DE9942B3C392100C4770B /* IRGen.cpp */,
				AD4DE9952B3C392100C4770B /* IRGen.hpp */,
			);
			path = Frontend;
			sourceTree = "<group>";
		};
		ADF0E64B2B3BC5E700E34609 /* LLVM */ = {
			isa = PBXGroup;
			children = (
			);
			path = LLVM;
			sourceTree = "<group>";
		};
/* End PBXGroup section */

/* Begin PBXNativeTarget section */
		AD14CF672B08BABA00137FDC /* cobra */ = {
			isa = PBXNativeTarget;
			buildConfigurationList = AD14CF6F2B08BABA00137FDC /* Build configuration list for PBXNativeTarget "cobra" */;
			buildPhases = (
				AD14CF642B08BABA00137FDC /* Sources */,
				AD14CF652B08BABA00137FDC /* Frameworks */,
				AD14CF662B08BABA00137FDC /* CopyFiles */,
			);
			buildRules = (
			);
			dependencies = (
			);
			name = cobra;
			productName = cobra;
			productReference = AD14CF682B08BABA00137FDC /* cobra */;
			productType = "com.apple.product-type.tool";
		};
/* End PBXNativeTarget section */

/* Begin PBXProject section */
		AD14CF602B08BABA00137FDC /* Project object */ = {
			isa = PBXProject;
			attributes = {
				BuildIndependentTargetsInParallel = 1;
				LastUpgradeCheck = 1430;
				TargetAttributes = {
					AD14CF672B08BABA00137FDC = {
						CreatedOnToolsVersion = 14.3;
						LastSwiftMigration = 1430;
					};
				};
			};
			buildConfigurationList = AD14CF632B08BABA00137FDC /* Build configuration list for PBXProject "cobra" */;
			compatibilityVersion = "Xcode 14.0";
			developmentRegion = en;
			hasScannedForEncodings = 0;
			knownRegions = (
				en,
				Base,
			);
			mainGroup = AD14CF5F2B08BABA00137FDC;
			productRefGroup = AD14CF692B08BABA00137FDC /* Products */;
			projectDirPath = "";
			projectRoot = "";
			targets = (
				AD14CF672B08BABA00137FDC /* cobra */,
			);
		};
/* End PBXProject section */

/* Begin PBXSourcesBuildPhase section */
		AD14CF642B08BABA00137FDC /* Sources */ = {
			isa = PBXSourcesBuildPhase;
			buildActionMask = 2147483647;
			files = (
				AD4DE9932B3C391400C4770B /* IRBuilder.cpp in Sources */,
				AD0ECD782B39656800BA20B3 /* num.co in Sources */,
				AD14CF812B08BADB00137FDC /* GC.cpp in Sources */,
				AD2207102B1B1F26007ED860 /* CBObject.cpp in Sources */,
				AD14CF7F2B08BADB00137FDC /* Lexer.cpp in Sources */,
				AD22071D2B1B29D6007ED860 /* PrimitiveBox.cpp in Sources */,
				AD4DE9902B3C2B7500C4770B /* Instrs.cpp in Sources */,
				AD2207292B1DD7E2007ED860 /* CodeBlock.cpp in Sources */,
				AD14CF802B08BADB00137FDC /* Paser.cpp in Sources */,
				AD4DE9962B3C392100C4770B /* IRGen.cpp in Sources */,
				AD14CF7E2B08BADB00137FDC /* Interpreter.cpp in Sources */,
				AD2207262B1DD3B1007ED860 /* String.cpp in Sources */,
				AD4DE99A2B428B6400C4770B /* Scope.cpp in Sources */,
				AD2207302B1DF32F007ED860 /* Tree.cpp in Sources */,
				ADF0E64A2B3BC2D600E34609 /* IR.cpp in Sources */,
				AD2207162B1B269C007ED860 /* CBFunction.cpp in Sources */,
				AD2207332B1F8DB2007ED860 /* ASTVisitor.cpp in Sources */,
				AD2207192B1B26AA007ED860 /* CBString.cpp in Sources */,
				AD2207232B1C39B6007ED860 /* GCCell.cpp in Sources */,
				AD0F9A922B10C21900BA198B /* CBValue.cpp in Sources */,
				AD2207202B1B2DAD007ED860 /* Runtime.cpp in Sources */,
				AD14CF822B08BADB00137FDC /* VM.cpp in Sources */,
				AD22072C2B1DE350007ED860 /* ASTBuilder.cpp in Sources */,
				AD14CF6C2B08BABA00137FDC /* main.cpp in Sources */,
			);
			runOnlyForDeploymentPostprocessing = 0;
		};
/* End PBXSourcesBuildPhase section */

/* Begin XCBuildConfiguration section */
		AD14CF6D2B08BABA00137FDC /* Debug */ = {
			isa = XCBuildConfiguration;
			buildSettings = {
				ALWAYS_SEARCH_USER_PATHS = NO;
				CLANG_ANALYZER_NONNULL = YES;
				CLANG_ANALYZER_NUMBER_OBJECT_CONVERSION = YES_AGGRESSIVE;
				CLANG_CXX_LANGUAGE_STANDARD = "gnu++20";
				CLANG_ENABLE_MODULES = YES;
				CLANG_ENABLE_OBJC_ARC = YES;
				CLANG_ENABLE_OBJC_WEAK = YES;
				CLANG_WARN_BLOCK_CAPTURE_AUTORELEASING = YES;
				CLANG_WARN_BOOL_CONVERSION = YES;
				CLANG_WARN_COMMA = YES;
				CLANG_WARN_CONSTANT_CONVERSION = YES;
				CLANG_WARN_DEPRECATED_OBJC_IMPLEMENTATIONS = YES;
				CLANG_WARN_DIRECT_OBJC_ISA_USAGE = YES_ERROR;
				CLANG_WARN_DOCUMENTATION_COMMENTS = YES;
				CLANG_WARN_EMPTY_BODY = YES;
				CLANG_WARN_ENUM_CONVERSION = YES;
				CLANG_WARN_INFINITE_RECURSION = YES;
				CLANG_WARN_INT_CONVERSION = YES;
				CLANG_WARN_NON_LITERAL_NULL_CONVERSION = YES;
				CLANG_WARN_OBJC_IMPLICIT_RETAIN_SELF = YES;
				CLANG_WARN_OBJC_LITERAL_CONVERSION = YES;
				CLANG_WARN_OBJC_ROOT_CLASS = YES_ERROR;
				CLANG_WARN_QUOTED_INCLUDE_IN_FRAMEWORK_HEADER = YES;
				CLANG_WARN_RANGE_LOOP_ANALYSIS = YES;
				CLANG_WARN_STRICT_PROTOTYPES = YES;
				CLANG_WARN_SUSPICIOUS_MOVE = YES;
				CLANG_WARN_UNGUARDED_AVAILABILITY = YES_AGGRESSIVE;
				CLANG_WARN_UNREACHABLE_CODE = YES;
				CLANG_WARN__DUPLICATE_METHOD_MATCH = YES;
				COPY_PHASE_STRIP = NO;
				DEBUG_INFORMATION_FORMAT = dwarf;
				ENABLE_STRICT_OBJC_MSGSEND = YES;
				ENABLE_TESTABILITY = YES;
				GCC_C_LANGUAGE_STANDARD = gnu11;
				GCC_DYNAMIC_NO_PIC = NO;
				GCC_NO_COMMON_BLOCKS = YES;
				GCC_OPTIMIZATION_LEVEL = 0;
				GCC_PREPROCESSOR_DEFINITIONS = (
					"DEBUG=1",
					"$(inherited)",
				);
				GCC_WARN_64_TO_32_BIT_CONVERSION = YES;
				GCC_WARN_ABOUT_RETURN_TYPE = YES_ERROR;
				GCC_WARN_UNDECLARED_SELECTOR = YES;
				GCC_WARN_UNINITIALIZED_AUTOS = YES_AGGRESSIVE;
				GCC_WARN_UNUSED_FUNCTION = YES;
				GCC_WARN_UNUSED_VARIABLE = YES;
				MACOSX_DEPLOYMENT_TARGET = 13.3;
				MTL_ENABLE_DEBUG_INFO = INCLUDE_SOURCE;
				MTL_FAST_MATH = YES;
				ONLY_ACTIVE_ARCH = YES;
				SDKROOT = macosx;
			};
			name = Debug;
		};
		AD14CF6E2B08BABA00137FDC /* Release */ = {
			isa = XCBuildConfiguration;
			buildSettings = {
				ALWAYS_SEARCH_USER_PATHS = NO;
				CLANG_ANALYZER_NONNULL = YES;
				CLANG_ANALYZER_NUMBER_OBJECT_CONVERSION = YES_AGGRESSIVE;
				CLANG_CXX_LANGUAGE_STANDARD = "gnu++20";
				CLANG_ENABLE_MODULES = YES;
				CLANG_ENABLE_OBJC_ARC = YES;
				CLANG_ENABLE_OBJC_WEAK = YES;
				CLANG_WARN_BLOCK_CAPTURE_AUTORELEASING = YES;
				CLANG_WARN_BOOL_CONVERSION = YES;
				CLANG_WARN_COMMA = YES;
				CLANG_WARN_CONSTANT_CONVERSION = YES;
				CLANG_WARN_DEPRECATED_OBJC_IMPLEMENTATIONS = YES;
				CLANG_WARN_DIRECT_OBJC_ISA_USAGE = YES_ERROR;
				CLANG_WARN_DOCUMENTATION_COMMENTS = YES;
				CLANG_WARN_EMPTY_BODY = YES;
				CLANG_WARN_ENUM_CONVERSION = YES;
				CLANG_WARN_INFINITE_RECURSION = YES;
				CLANG_WARN_INT_CONVERSION = YES;
				CLANG_WARN_NON_LITERAL_NULL_CONVERSION = YES;
				CLANG_WARN_OBJC_IMPLICIT_RETAIN_SELF = YES;
				CLANG_WARN_OBJC_LITERAL_CONVERSION = YES;
				CLANG_WARN_OBJC_ROOT_CLASS = YES_ERROR;
				CLANG_WARN_QUOTED_INCLUDE_IN_FRAMEWORK_HEADER = YES;
				CLANG_WARN_RANGE_LOOP_ANALYSIS = YES;
				CLANG_WARN_STRICT_PROTOTYPES = YES;
				CLANG_WARN_SUSPICIOUS_MOVE = YES;
				CLANG_WARN_UNGUARDED_AVAILABILITY = YES_AGGRESSIVE;
				CLANG_WARN_UNREACHABLE_CODE = YES;
				CLANG_WARN__DUPLICATE_METHOD_MATCH = YES;
				COPY_PHASE_STRIP = NO;
				DEBUG_INFORMATION_FORMAT = "dwarf-with-dsym";
				ENABLE_NS_ASSERTIONS = NO;
				ENABLE_STRICT_OBJC_MSGSEND = YES;
				GCC_C_LANGUAGE_STANDARD = gnu11;
				GCC_NO_COMMON_BLOCKS = YES;
				GCC_WARN_64_TO_32_BIT_CONVERSION = YES;
				GCC_WARN_ABOUT_RETURN_TYPE = YES_ERROR;
				GCC_WARN_UNDECLARED_SELECTOR = YES;
				GCC_WARN_UNINITIALIZED_AUTOS = YES_AGGRESSIVE;
				GCC_WARN_UNUSED_FUNCTION = YES;
				GCC_WARN_UNUSED_VARIABLE = YES;
				MACOSX_DEPLOYMENT_TARGET = 13.3;
				MTL_ENABLE_DEBUG_INFO = NO;
				MTL_FAST_MATH = YES;
				SDKROOT = macosx;
			};
			name = Release;
		};
		AD14CF702B08BABA00137FDC /* Debug */ = {
			isa = XCBuildConfiguration;
			buildSettings = {
				CLANG_ENABLE_MODULES = YES;
				CODE_SIGN_STYLE = Automatic;
				DEVELOPMENT_TEAM = 5NHR9YMUN2;
				ENABLE_HARDENED_RUNTIME = YES;
				PRODUCT_NAME = "$(TARGET_NAME)";
				SWIFT_OPTIMIZATION_LEVEL = "-Onone";
				SWIFT_VERSION = 5.0;
			};
			name = Debug;
		};
		AD14CF712B08BABA00137FDC /* Release */ = {
			isa = XCBuildConfiguration;
			buildSettings = {
				CLANG_ENABLE_MODULES = YES;
				CODE_SIGN_STYLE = Automatic;
				DEVELOPMENT_TEAM = 5NHR9YMUN2;
				ENABLE_HARDENED_RUNTIME = YES;
				PRODUCT_NAME = "$(TARGET_NAME)";
				SWIFT_VERSION = 5.0;
			};
			name = Release;
		};
/* End XCBuildConfiguration section */

/* Begin XCConfigurationList section */
		AD14CF632B08BABA00137FDC /* Build configuration list for PBXProject "cobra" */ = {
			isa = XCConfigurationList;
			buildConfigurations = (
				AD14CF6D2B08BABA00137FDC /* Debug */,
				AD14CF6E2B08BABA00137FDC /* Release */,
			);
			defaultConfigurationIsVisible = 0;
			defaultConfigurationName = Release;
		};
		AD14CF6F2B08BABA00137FDC /* Build configuration list for PBXNativeTarget "cobra" */ = {
			isa = XCConfigurationList;
			buildConfigurations = (
				AD14CF702B08BABA00137FDC /* Debug */,
				AD14CF712B08BABA00137FDC /* Release */,
			);
			defaultConfigurationIsVisible = 0;
			defaultConfigurationName = Release;
		};
/* End XCConfigurationList section */
	};
	rootObject = AD14CF602B08BABA00137FDC /* Project object */;
}
